{
	"name": "vanilla-mode",
	"version": "0.0.4",
	"lockfileVersion": 3,
	"requires": true,
	"packages": {
		"": {
			"name": "vanilla-mode",
			"version": "0.0.4",
			"dependencies": {
				"vanilla-mode": "file:"
			},
			"engines": {
				"vscode": "^1.96.0"
			}
		},
		"node_modules/vanilla-mode": {
			"resolved": "",
			"link": true
		}
	}
}
